
Microsoft Visual Studio Solution File, Format Version 12.00
# Visual Studio 15
VisualStudioVersion = 15.0.27130.2027
MinimumVisualStudioVersion = 10.0.40219.1
Project("{FAE04EC0-301F-11D3-BF4B-00C04F79EFBC}") = "SRV12", "SRV12\SRV12.csproj", "{A23F3625-1284-4198-9D26-F6A1E45CC301}"
EndProject
Global
	GlobalSection(SolutionConfigurationPlatforms) = preSolution
		Debug|Any CPU = Debug|Any CPU
		Release|Any CPU = Release|Any CPU
	EndGlobalSection
	GlobalSection(ProjectConfigurationPlatforms) = postSolution
		{A23F3625-1284-4198-9D26-F6A1E45CC301}.Debug|Any CPU.ActiveCfg = Debug|Any CPU
		{A23F3625-1284-4198-9D26-F6A1E45CC301}.Debug|Any CPU.Build.0 = Debug|Any CPU
		{A23F3625-1284-4198-9D26-F6A1E45CC301}.Release|Any CPU.ActiveCfg = Release|Any CPU
		{A23F3625-1284-4198-9D26-F6A1E45CC301}.Release|Any CPU.Build.0 = Release|Any CPU
	EndGlobalSection
	GlobalSection(SolutionProperties) = preSolution
		HideSolutionNode = FALSE
	EndGlobalSection
	GlobalSection(ExtensibilityGlobals) = postSolution
		SolutionGuid = {105F8991-D34D-486A-9F82-4FFAA86B91E4}
	EndGlobalSection
EndGlobal
